// !$*UTF8*$!
{
	archiveVersion = 1;
	classes = {
	};
	objectVersion = 46;
	objects = {

/* Begin PBXBuildFile section */
		C2D60D331B0EBCAA0045DE6B /* main.m in Sources */ = {isa = PBXBuildFile; fileRef = C2D60D321B0EBCAA0045DE6B /* main.m */; };
		C2D60D361B0EBCAA0045DE6B /* AppDelegate.m in Sources */ = {isa = PBXBuildFile; fileRef = C2D60D351B0EBCAA0045DE6B /* AppDelegate.m */; };
		C2D60D391B0EBCAA0045DE6B /* ViewController.m in Sources */ = {isa = PBXBuildFile; fileRef = C2D60D381B0EBCAA0045DE6B /* ViewController.m */; };
		C2D60D3C1B0EBCAA0045DE6B /* Main.storyboard in Resources */ = {isa = PBXBuildFile; fileRef = C2D60D3A1B0EBCAA0045DE6B /* Main.storyboard */; };
		C2D60D3E1B0EBCAA0045DE6B /* Images.xcassets in Resources */ = {isa = PBXBuildFile; fileRef = C2D60D3D1B0EBCAA0045DE6B /* Images.xcassets */; };
		C2D60D411B0EBCAA0045DE6B /* LaunchScreen.xib in Resources */ = {isa = PBXBuildFile; fileRef = C2D60D3F1B0EBCAA0045DE6B /* LaunchScreen.xib */; };
		C2D60D4D1B0EBCAA0045DE6B /* aaaaaaaaTests.m in Sources */ = {isa = PBXBuildFile; fileRef = C2D60D4C1B0EBCAA0045DE6B /* aaaaaaaaTests.m */; };
/* End PBXBuildFile section */

/* Begin PBXContainerItemProxy section */
		C2D60D471B0EBCAA0045DE6B /* PBXContainerItemProxy */ = {
			isa = PBXContainerItemProxy;
			containerPortal = C2D60D251B0EBCAA0045DE6B /* Project object */;
			proxyType = 1;
			remoteGlobalIDString = C2D60D2C1B0EBCAA0045DE6B;
			remoteInfo = aaaaaaaa;
		};
/* End PBXContainerItemProxy section */

/* Begin PBXFileReference section */
		C2D60D2D1B0EBCAA0045DE6B /* aaaaaaaa.app */ = {isa = PBXFileReference; explicitFileType = wrapper.application; includeInIndex = 0; path = aaaaaaaa.app; sourceTree = BUILT_PRODUCTS_DIR; };
		C2D60D311B0EBCAA0045DE6B /* Info.plist */ = {isa = PBXFileReference; lastKnownFileType = text.plist.xml; path = Info.plist; sourceTree = "<group>"; };
		C2D60D321B0EBCAA0045DE6B /* main.m */ = {isa = PBXFileReference; lastKnownFileType = sourcecode.c.objc; path = main.m; sourceTree = "<group>"; };
		C2D60D341B0EBCAA0045DE6B /* AppDelegate.h */ = {isa = PBXFileReference; lastKnownFileType = sourcecode.c.h; path = AppDelegate.h; sourceTree = "<group>"; };
		C2D60D351B0EBCAA0045DE6B /* AppDelegate.m */ = {isa = PBXFileReference; lastKnownFileType = sourcecode.c.objc; path = AppDelegate.m; sourceTree = "<group>"; };
		C2D60D371B0EBCAA0045DE6B /* ViewController.h */ = {isa = PBXFileReference; lastKnownFileType = sourcecode.c.h; path = ViewController.h; sourceTree = "<group>"; };
		C2D60D381B0EBCAA0045DE6B /* ViewController.m */ = {isa = PBXFileReference; lastKnownFileType = sourcecode.c.objc; path = ViewController.m; sourceTree = "<group>"; };
		C2D60D3B1B0EBCAA0045DE6B /* Base */ = {isa = PBXFileReference; lastKnownFileType = file.storyboard; name = Base; path = Base.lproj/Main.storyboard; sourceTree = "<group>"; };
		C2D60D3D1B0EBCAA0045DE6B /* Images.xcassets */ = {isa = PBXFileReference; lastKnownFileType = folder.assetcatalog; path = Images.xcassets; sourceTree = "<group>"; };
		C2D60D401B0EBCAA0045DE6B /* Base */ = {isa = PBXFileReference; lastKnownFileType = file.xib; name = Base; path = Base.lproj/LaunchScreen.xib; sourceTree = "<group>"; };
		C2D60D461B0EBCAA0045DE6B /* aaaaaaaaTests.xctest */ = {isa = PBXFileReference; explicitFileType = wrapper.cfbundle; includeInIndex = 0; path = aaaaaaaaTests.xctest; sourceTree = BUILT_PRODUCTS_DIR; };
		C2D60D4B1B0EBCAA0045DE6B /* Info.plist */ = {isa = PBXFileReference; lastKnownFileType = text.plist.xml; path = Info.plist; sourceTree = "<group>"; };
		C2D60D4C1B0EBCAA0045DE6B /* aaaaaaaaTests.m */ = {isa = PBXFileReference; lastKnownFileType = sourcecode.c.objc; path = aaaaaaaaTests.m; sourceTree = "<group>"; };
/* End PBXFileReference section */

/* Begin PBXFrameworksBuildPhase section */
		C2D60D2A1B0EBCAA0045DE6B /* Frameworks */ = {
			isa = PBXFrameworksBuildPhase;
			buildActionMask = 2147483647;
			files = (
			);
			runOnlyForDeploymentPostprocessing = 0;
		};
		C2D60D431B0EBCAA0045DE6B /* Frameworks */ = {
			isa = PBXFrameworksBuildPhase;
			buildActionMask = 2147483647;
			files = (
			);
			runOnlyForDeploymentPostprocessing = 0;
		};
/* End PBXFrameworksBuildPhase section */

/* Begin PBXGroup section */
		C2D60D241B0EBCAA0045DE6B = {
			isa = PBXGroup;
			children = (
				C2D60D2F1B0EBCAA0045DE6B /* aaaaaaaa */,
				C2D60D491B0EBCAA0045DE6B /* aaaaaaaaTests */,
				C2D60D2E1B0EBCAA0045DE6B /* Products */,
			);
			sourceTree = "<group>";
		};
		C2D60D2E1B0EBCAA0045DE6B /* Products */ = {
			isa = PBXGroup;
			children = (
				C2D60D2D1B0EBCAA0045DE6B /* aaaaaaaa.app */,
				C2D60D461B0EBCAA0045DE6B /* aaaaaaaaTests.xctest */,
			);
			name = Products;
			sourceTree = "<group>";
		};
		C2D60D2F1B0EBCAA0045DE6B /* aaaaaaaa */ = {
			isa = PBXGroup;
			children = (
				C2D60D341B0EBCAA0045DE6B /* AppDelegate.h */,
				C2D60D351B0EBCAA0045DE6B /* AppDelegate.m */,
				C2D60D371B0EBCAA0045DE6B /* ViewController.h */,
				C2D60D381B0EBCAA0045DE6B /* ViewController.m */,
				C2D60D3A1B0EBCAA0045DE6B /* Main.storyboard */,
				C2D60D3D1B0EBCAA0045DE6B /* Images.xcassets */,
				C2D60D3F1B0EBCAA0045DE6B /* LaunchScreen.xib */,
				C2D60D301B0EBCAA0045DE6B /* Supporting Files */,
			);
			path = aaaaaaaa;
			sourceTree = "<group>";
		};
		C2D60D301B0EBCAA0045DE6B /* Supporting Files */ = {
			isa = PBXGroup;
			children = (
				C2D60D311B0EBCAA0045DE6B /* Info.plist */,
				C2D60D321B0EBCAA0045DE6B /* main.m */,
			);
			name = "Supporting Files";
			sourceTree = "<group>";
		};
		C2D60D491B0EBCAA0045DE6B /* aaaaaaaaTests */ = {
			isa = PBXGroup;
			children = (
				C2D60D4C1B0EBCAA0045DE6B /* aaaaaaaaTests.m */,
				C2D60D4A1B0EBCAA0045DE6B /* Supporting Files */,
			);
			path = aaaaaaaaTests;
			sourceTree = "<group>";
		};
		C2D60D4A1B0EBCAA0045DE6B /* Supporting Files */ = {
			isa = PBXGroup;
			children = (
				C2D60D4B1B0EBCAA0045DE6B /* Info.plist */,
			);
			name = "Supporting Files";
			sourceTree = "<group>";
		};
/* End PBXGroup section */

/* Begin PBXNativeTarget section */
		C2D60D2C1B0EBCAA0045DE6B /* aaaaaaaa */ = {
			isa = PBXNativeTarget;
			buildConfigurationList = C2D60D501B0EBCAA0045DE6B /* Build configuration list for PBXNativeTarget "aaaaaaaa" */;
			buildPhases = (
				C2D60D291B0EBCAA0045DE6B /* Sources */,
				C2D60D2A1B0EBCAA0045DE6B /* Frameworks */,
				C2D60D2B1B0EBCAA0045DE6B /* Resources */,
			);
			buildRules = (
			);
			dependencies = (
			);
			name = aaaaaaaa;
			productName = aaaaaaaa;
			productReference = C2D60D2D1B0EBCAA0045DE6B /* aaaaaaaa.app */;
			productType = "com.apple.product-type.application";
		};
		C2D60D451B0EBCAA0045DE6B /* aaaaaaaaTests */ = {
			isa = PBXNativeTarget;
			buildConfigurationList = C2D60D531B0EBCAA0045DE6B /* Build configuration list for PBXNativeTarget "aaaaaaaaTests" */;
			buildPhases = (
				C2D60D421B0EBCAA0045DE6B /* Sources */,
				C2D60D431B0EBCAA0045DE6B /* Frameworks */,
				C2D60D441B0EBCAA0045DE6B /* Resources */,
			);
			buildRules = (
			);
			dependencies = (
				C2D60D481B0EBCAA0045DE6B /* PBXTargetDependency */,
			);
			name = aaaaaaaaTests;
			productName = aaaaaaaaTests;
			productReference = C2D60D461B0EBCAA0045DE6B /* aaaaaaaaTests.xctest */;
			productType = "com.apple.product-type.bundle.unit-test";
		};
/* End PBXNativeTarget section */

/* Begin PBXProject section */
		C2D60D251B0EBCAA0045DE6B /* Project object */ = {
			isa = PBXProject;
			attributes = {
				LastUpgradeCheck = 0600;
				ORGANIZATIONNAME = lanou3g;
				TargetAttributes = {
					C2D60D2C1B0EBCAA0045DE6B = {
						CreatedOnToolsVersion = 6.0.1;
					};
					C2D60D451B0EBCAA0045DE6B = {
						CreatedOnToolsVersion = 6.0.1;
						TestTargetID = C2D60D2C1B0EBCAA0045DE6B;
					};
				};
			};
			buildConfigurationList = C2D60D281B0EBCAA0045DE6B /* Build configuration list for PBXProject "aaaaaaaa" */;
			compatibilityVersion = "Xcode 3.2";
			developmentRegion = English;
			hasScannedForEncodings = 0;
			knownRegions = (
				en,
				Base,
			);
			mainGroup = C2D60D241B0EBCAA0045DE6B;
			productRefGroup = C2D60D2E1B0EBCAA0045DE6B /* Products */;
			projectDirPath = "";
			projectRoot = "";
			targets = (
				C2D60D2C1B0EBCAA0045DE6B /* aaaaaaaa */,
				C2D60D451B0EBCAA0045DE6B /* aaaaaaaaTests */,
			);
		};
/* End PBXProject section */

/* Begin PBXResourcesBuildPhase section */
		C2D60D2B1B0EBCAA0045DE6B /* Resources */ = {
			isa = PBXResourcesBuildPhase;
			buildActionMask = 2147483647;
			files = (
				C2D60D3C1B0EBCAA0045DE6B /* Main.storyboard in Resources */,
				C2D60D411B0EBCAA0045DE6B /* LaunchScreen.xib in Resources */,
				C2D60D3E1B0EBCAA0045DE6B /* Images.xcassets in Resources */,
			);
			runOnlyForDeploymentPostprocessing = 0;
		};
		C2D60D441B0EBCAA0045DE6B /* Resources */ = {
			isa = PBXResourcesBuildPhase;
			buildActionMask = 2147483647;
			files = (
			);
			runOnlyForDeploymentPostprocessing = 0;
		};
/* End PBXResourcesBuildPhase section */

/* Begin PBXSourcesBuildPhase section */
		C2D60D291B0EBCAA0045DE6B /* Sources */ = {
			isa = PBXSourcesBuildPhase;
			buildActionMask = 2147483647;
			files = (
				C2D60D391B0EBCAA0045DE6B /* ViewController.m in Sources */,
				C2D60D361B0EBCAA0045DE6B /* AppDelegate.m in Sources */,
				C2D60D331B0EBCAA0045DE6B /* main.m in Sources */,
			);
			runOnlyForDeploymentPostprocessing = 0;
		};
		C2D60D421B0EBCAA0045DE6B /* Sources */ = {
			isa = PBXSourcesBuildPhase;
			buildActionMask = 2147483647;
			files = (
				C2D60D4D1B0EBCAA0045DE6B /* aaaaaaaaTests.m in Sources */,
			);
			runOnlyForDeploymentPostprocessing = 0;
		};
/* End PBXSourcesBuildPhase section */

/* Begin PBXTargetDependency section */
		C2D60D481B0EBCAA0045DE6B /* PBXTargetDependency */ = {
			isa = PBXTargetDependency;
			target = C2D60D2C1B0EBCAA0045DE6B /* aaaaaaaa */;
			targetProxy = C2D60D471B0EBCAA0045DE6B /* PBXContainerItemProxy */;
		};
/* End PBXTargetDependency section */

/* Begin PBXVariantGroup section */
		C2D60D3A1B0EBCAA0045DE6B /* Main.storyboard */ = {
			isa = PBXVariantGroup;
			children = (
				C2D60D3B1B0EBCAA0045DE6B /* Base */,
			);
			name = Main.storyboard;
			sourceTree = "<group>";
		};
		C2D60D3F1B0EBCAA0045DE6B /* LaunchScreen.xib */ = {
			isa = PBXVariantGroup;
			children = (
				C2D60D401B0EBCAA0045DE6B /* Base */,
			);
			name = LaunchScreen.xib;
			sourceTree = "<group>";
		};
/* End PBXVariantGroup section */

/* Begin XCBuildConfiguration section */
		C2D60D4E1B0EBCAA0045DE6B /* Debug */ = {
			isa = XCBuildConfiguration;
			buildSettings = {
				ALWAYS_SEARCH_USER_PATHS = NO;
				CLANG_CXX_LANGUAGE_STANDARD = "gnu++0x";
				CLANG_CXX_LIBRARY = "libc++";
				CLANG_ENABLE_MODULES = YES;
				CLANG_ENABLE_OBJC_ARC = YES;
				CLANG_WARN_BOOL_CONVERSION = YES;
				CLANG_WARN_CONSTANT_CONVERSION = YES;
				CLANG_WARN_DIRECT_OBJC_ISA_USAGE = YES_ERROR;
				CLANG_WARN_EMPTY_BODY = YES;
				CLANG_WARN_ENUM_CONVERSION = YES;
				CLANG_WARN_INT_CONVERSION = YES;
				CLANG_WARN_OBJC_ROOT_CLASS = YES_ERROR;
				CLANG_WARN_UNREACHABLE_CODE = YES;
				CLANG_WARN__DUPLICATE_METHOD_MATCH = YES;
				"CODE_SIGN_IDENTITY[sdk=iphoneos*]" = "iPhone Developer";
				COPY_PHASE_STRIP = NO;
				ENABLE_STRICT_OBJC_MSGSEND = YES;
				GCC_C_LANGUAGE_STANDARD = gnu99;
				GCC_DYNAMIC_NO_PIC = NO;
				GCC_OPTIMIZATION_LEVEL = 0;
				GCC_PREPROCESSOR_DEFINITIONS = (
					"DEBUG=1",
					"$(inherited)",
				);
				GCC_SYMBOLS_PRIVATE_EXTERN = NO;
				GCC_WARN_64_TO_32_BIT_CONVERSION = YES;
				GCC_WARN_ABOUT_RETURN_TYPE = YES_ERROR;
				GCC_WARN_UNDECLARED_SELECTOR = YES;
				GCC_WARN_UNINITIALIZED_AUTOS = YES_AGGRESSIVE;
				GCC_WARN_UNUSED_FUNCTION = YES;
				GCC_WARN_UNUSED_VARIABLE = YES;
				IPHONEOS_DEPLOYMENT_TARGET = 8.0;
				MTL_ENABLE_DEBUG_INFO = YES;
				ONLY_ACTIVE_ARCH = YES;
				SDKROOT = iphoneos;
				TARGETED_DEVICE_FAMILY = "1,2";
			};
			name = Debug;
		};
		C2D60D4F1B0EBCAA0045DE6B /* Release */ = {
			isa = XCBuildConfiguration;
			buildSettings = {
				ALWAYS_SEARCH_USER_PATHS = NO;
				CLANG_CXX_LANGUAGE_STANDARD = "gnu++0x";
				CLANG_CXX_LIBRARY = "libc++";
				CLANG_ENABLE_MODULES = YES;
				CLANG_ENABLE_OBJC_ARC = YES;
				CLANG_WARN_BOOL_CONVERSION = YES;
				CLANG_WARN_CONSTANT_CONVERSION = YES;
				CLANG_WARN_DIRECT_OBJC_ISA_USAGE = YES_ERROR;
				CLANG_WARN_EMPTY_BODY = YES;
				CLANG_WARN_ENUM_CONVERSION = YES;
				CLANG_WARN_INT_CONVERSION = YES;
				CLANG_WARN_OBJC_ROOT_CLASS = YES_ERROR;
				CLANG_WARN_UNREACHABLE_CODE = YES;
				CLANG_WARN__DUPLICATE_METHOD_MATCH = YES;
				"CODE_SIGN_IDENTITY[sdk=iphoneos*]" = "iPhone Developer";
				COPY_PHASE_STRIP = YES;
				ENABLE_NS_ASSERTIONS = NO;
				ENABLE_STRICT_OBJC_MSGSEND = YES;
				GCC_C_LANGUAGE_STANDARD = gnu99;
				GCC_WARN_64_TO_32_BIT_CONVERSION = YES;
				GCC_WARN_ABOUT_RETURN_TYPE = YES_ERROR;
				GCC_WARN_UNDECLARED_SELECTOR = YES;
				GCC_WARN_UNINITIALIZED_AUTOS = YES_AGGRESSIVE;
				GCC_WARN_UNUSED_FUNCTION = YES;
				GCC_WARN_UNUSED_VARIABLE = YES;
				IPHONEOS_DEPLOYMENT_TARGET = 8.0;
				MTL_ENABLE_DEBUG_INFO = NO;
				SDKROOT = iphoneos;
				TARGETED_DEVICE_FAMILY = "1,2";
				VALIDATE_PRODUCT = YES;
			};
			name = Release;
		};
		C2D60D511B0EBCAA0045DE6B /* Debug */ = {
			isa = XCBuildConfiguration;
			buildSettings = {
				ASSETCATALOG_COMPILER_APPICON_NAME = AppIcon;
				INFOPLIST_FILE = aaaaaaaa/Info.plist;
				LD_RUNPATH_SEARCH_PATHS = "$(inherited) @executable_path/Frameworks";
				PRODUCT_NAME = "$(TARGET_NAME)";
			};
			name = Debug;
		};
		C2D60D521B0EBCAA0045DE6B /* Release */ = {
			isa = XCBuildConfiguration;
			buildSettings = {
				ASSETCATALOG_COMPILER_APPICON_NAME = AppIcon;
				INFOPLIST_FILE = aaaaaaaa/Info.plist;
				LD_RUNPATH_SEARCH_PATHS = "$(inherited) @executable_path/Frameworks";
				PRODUCT_NAME = "$(TARGET_NAME)";
			};
			name = Release;
		};
		C2D60D541B0EBCAA0045DE6B /* Debug */ = {
			isa = XCBuildConfiguration;
			buildSettings = {
				BUNDLE_LOADER = "$(TEST_HOST)";
				FRAMEWORK_SEARCH_PATHS = (
					"$(SDKROOT)/Developer/Library/Frameworks",
					"$(inherited)",
				);
				GCC_PREPROCESSOR_DEFINITIONS = (
					"DEBUG=1",
					"$(inherited)",
				);
				INFOPLIST_FILE = aaaaaaaaTests/Info.plist;
				LD_RUNPATH_SEARCH_PATHS = "$(inherited) @executable_path/Frameworks @loader_path/Frameworks";
				PRODUCT_NAME = "$(TARGET_NAME)";
				TEST_HOST = "$(BUILT_PRODUCTS_DIR)/aaaaaaaa.app/aaaaaaaa";
			};
			name = Debug;
		};
		C2D60D551B0EBCAA0045DE6B /* Release */ = {
			isa = XCBuildConfiguration;
			buildSettings = {
				BUNDLE_LOADER = "$(TEST_HOST)";
				FRAMEWORK_SEARCH_PATHS = (
					"$(SDKROOT)/Developer/Library/Frameworks",
					"$(inherited)",
				);
				INFOPLIST_FILE = aaaaaaaaTests/Info.plist;
				LD_RUNPATH_SEARCH_PATHS = "$(inherited) @executable_path/Frameworks @loader_path/Frameworks";
				PRODUCT_NAME = "$(TARGET_NAME)";
				TEST_HOST = "$(BUILT_PRODUCTS_DIR)/aaaaaaaa.app/aaaaaaaa";
			};
			name = Release;
		};
/* End XCBuildConfiguration section */

/* Begin XCConfigurationList section */
		C2D60D281B0EBCAA0045DE6B /* Build configuration list for PBXProject "aaaaaaaa" */ = {
			isa = XCConfigurationList;
			buildConfigurations = (
				C2D60D4E1B0EBCAA0045DE6B /* Debug */,
				C2D60D4F1B0EBCAA0045DE6B /* Release */,
			);
			defaultConfigurationIsVisible = 0;
			defaultConfigurationName = Release;
		};
		C2D60D501B0EBCAA0045DE6B /* Build configuration list for PBXNativeTarget "aaaaaaaa" */ = {
			isa = XCConfigurationList;
			buildConfigurations = (
				C2D60D511B0EBCAA0045DE6B /* Debug */,
				C2D60D521B0EBCAA0045DE6B /* Release */,
			);
			defaultConfigurationIsVisible = 0;
		};
		C2D60D531B0EBCAA0045DE6B /* Build configuration list for PBXNativeTarget "aaaaaaaaTests" */ = {
			isa = XCConfigurationList;
			buildConfigurations = (
				C2D60D541B0EBCAA0045DE6B /* Debug */,
				C2D60D551B0EBCAA0045DE6B /* Release */,
			);
			defaultConfigurationIsVisible = 0;
		};
/* End XCConfigurationList section */
	};
	rootObject = C2D60D251B0EBCAA0045DE6B /* Project object */;
}
